
Microsoft Visual Studio Solution File, Format Version 12.00
# Visual Studio Version 16
VisualStudioVersion = 16.0.30717.126
MinimumVisualStudioVersion = 10.0.40219.1
Project("{FAE04EC0-301F-11D3-BF4B-00C04F79EFBC}") = "PnPCoreApi", "PnPCoreApi.csproj", "{A515479F-9953-4A61-9186-8C9EE347D431}"
EndProject
Global
	GlobalSection(SolutionConfigurationPlatforms) = preSolution
		Debug|Any CPU = Debug|Any CPU
		Release|Any CPU = Release|Any CPU
	EndGlobalSection
	GlobalSection(ProjectConfigurationPlatforms) = postSolution
		{A515479F-9953-4A61-9186-8C9EE347D431}.Debug|Any CPU.ActiveCfg = Debug|Any CPU
		{A515479F-9953-4A61-9186-8C9EE347D431}.Debug|Any CPU.Build.0 = Debug|Any CPU
		{A515479F-9953-4A61-9186-8C9EE347D431}.Release|Any CPU.ActiveCfg = Release|Any CPU
		{A515479F-9953-4A61-9186-8C9EE347D431}.Release|Any CPU.Build.0 = Release|Any CPU
	EndGlobalSection
	GlobalSection(SolutionProperties) = preSolution
		HideSolutionNode = FALSE
	EndGlobalSection
	GlobalSection(ExtensibilityGlobals) = postSolution
		SolutionGuid = {27C42EA8-C5A0-4683-AA79-C42C32ABF2DB}
	EndGlobalSection
EndGlobal
